
Microsoft Visual Studio Solution File, Format Version 12.00
# Visual Studio Version 17
VisualStudioVersion = 17.1.32421.90
MinimumVisualStudioVersion = 10.0.40219.1
Project("{FAE04EC0-301F-11D3-BF4B-00C04F79EFBC}") = "prime_fibo", "prime_fibo\prime_fibo.csproj", "{52BDE44B-E903-4689-A849-C2CF2223AED9}"
EndProject
Global
	GlobalSection(SolutionConfigurationPlatforms) = preSolution
		Debug|Any CPU = Debug|Any CPU
		Release|Any CPU = Release|Any CPU
	EndGlobalSection
	GlobalSection(ProjectConfigurationPlatforms) = postSolution
		{52BDE44B-E903-4689-A849-C2CF2223AED9}.Debug|Any CPU.ActiveCfg = Debug|Any CPU
		{52BDE44B-E903-4689-A849-C2CF2223AED9}.Debug|Any CPU.Build.0 = Debug|Any CPU
		{52BDE44B-E903-4689-A849-C2CF2223AED9}.Release|Any CPU.ActiveCfg = Release|Any CPU
		{52BDE44B-E903-4689-A849-C2CF2223AED9}.Release|Any CPU.Build.0 = Release|Any CPU
	EndGlobalSection
	GlobalSection(SolutionProperties) = preSolution
		HideSolutionNode = FALSE
	EndGlobalSection
	GlobalSection(ExtensibilityGlobals) = postSolution
		SolutionGuid = {B7AEBB8D-FB99-4671-8908-7B7DCD9B4137}
	EndGlobalSection
EndGlobal
